
Microsoft Visual Studio Solution File, Format Version 12.00
# Visual Studio Version 17
VisualStudioVersion = 17.3.32929.385
MinimumVisualStudioVersion = 10.0.40219.1
Project("{FAE04EC0-301F-11D3-BF4B-00C04F79EFBC}") = "ClothingStoreGolubkovUrmancheeva", "ClothingStoreGolubkovUrmancheeva\ClothingStoreGolubkovUrmancheeva.csproj", "{2026074B-F269-4302-A2CF-8755F1106317}"
EndProject
Global
	GlobalSection(SolutionConfigurationPlatforms) = preSolution
		Debug|Any CPU = Debug|Any CPU
		Release|Any CPU = Release|Any CPU
	EndGlobalSection
	GlobalSection(ProjectConfigurationPlatforms) = postSolution
		{2026074B-F269-4302-A2CF-8755F1106317}.Debug|Any CPU.ActiveCfg = Debug|Any CPU
		{2026074B-F269-4302-A2CF-8755F1106317}.Debug|Any CPU.Build.0 = Debug|Any CPU
		{2026074B-F269-4302-A2CF-8755F1106317}.Release|Any CPU.ActiveCfg = Release|Any CPU
		{2026074B-F269-4302-A2CF-8755F1106317}.Release|Any CPU.Build.0 = Release|Any CPU
	EndGlobalSection
	GlobalSection(SolutionProperties) = preSolution
		HideSolutionNode = FALSE
	EndGlobalSection
	GlobalSection(ExtensibilityGlobals) = postSolution
		SolutionGuid = {89DC27C9-78AE-4F0D-A08E-60FFF6E9D5AD}
	EndGlobalSection
EndGlobal
